// !$*UTF8*$!
{
	archiveVersion = 1;
	classes = {
	};
	objectVersion = 55;
	objects = {

/* Begin PBXBuildFile section */
		661CFBA52904534A0097BEFC /* MyTabBar.swift in Sources */ = {isa = PBXBuildFile; fileRef = 661CFBA42904534A0097BEFC /* MyTabBar.swift */; };
		661CFBA72904535E0097BEFC /* MyTabButton.swift in Sources */ = {isa = PBXBuildFile; fileRef = 661CFBA62904535E0097BEFC /* MyTabButton.swift */; };
		66DDAE2A29044BD30078A691 /* MyChipotleSampleApp.swift in Sources */ = {isa = PBXBuildFile; fileRef = 66DDAE2929044BD30078A691 /* MyChipotleSampleApp.swift */; };
		66DDAE2C29044BD30078A691 /* ContentView.swift in Sources */ = {isa = PBXBuildFile; fileRef = 66DDAE2B29044BD30078A691 /* ContentView.swift */; };
		66DDAE2E29044BD40078A691 /* Assets.xcassets in Resources */ = {isa = PBXBuildFile; fileRef = 66DDAE2D29044BD40078A691 /* Assets.xcassets */; };
		66DDAE3129044BD40078A691 /* Preview Assets.xcassets in Resources */ = {isa = PBXBuildFile; fileRef = 66DDAE3029044BD40078A691 /* Preview Assets.xcassets */; };
		66DDAE3A29044D720078A691 /* HomeView.swift in Sources */ = {isa = PBXBuildFile; fileRef = 66DDAE3929044D720078A691 /* HomeView.swift */; };
		66DDAE3C29044DAF0078A691 /* FeaturedView.swift in Sources */ = {isa = PBXBuildFile; fileRef = 66DDAE3B29044DAF0078A691 /* FeaturedView.swift */; };
		66DDAE3E29044DCB0078A691 /* MenuView.swift in Sources */ = {isa = PBXBuildFile; fileRef = 66DDAE3D29044DCB0078A691 /* MenuView.swift */; };
		66DDAE4029044DDC0078A691 /* RecentsView.swift in Sources */ = {isa = PBXBuildFile; fileRef = 66DDAE3F29044DDC0078A691 /* RecentsView.swift */; };
		66DDAE4229044DEB0078A691 /* FavoritesView.swift in Sources */ = {isa = PBXBuildFile; fileRef = 66DDAE4129044DEB0078A691 /* FavoritesView.swift */; };
/* End PBXBuildFile section */

/* Begin PBXFileReference section */
		661CFBA42904534A0097BEFC /* MyTabBar.swift */ = {isa = PBXFileReference; lastKnownFileType = sourcecode.swift; path = MyTabBar.swift; sourceTree = "<group>"; };
		661CFBA62904535E0097BEFC /* MyTabButton.swift */ = {isa = PBXFileReference; lastKnownFileType = sourcecode.swift; path = MyTabButton.swift; sourceTree = "<group>"; };
		66DDAE2629044BD30078A691 /* MyChipotleSample.app */ = {isa = PBXFileReference; explicitFileType = wrapper.application; includeInIndex = 0; path = MyChipotleSample.app; sourceTree = BUILT_PRODUCTS_DIR; };
		66DDAE2929044BD30078A691 /* MyChipotleSampleApp.swift */ = {isa = PBXFileReference; lastKnownFileType = sourcecode.swift; path = MyChipotleSampleApp.swift; sourceTree = "<group>"; };
		66DDAE2B29044BD30078A691 /* ContentView.swift */ = {isa = PBXFileReference; lastKnownFileType = sourcecode.swift; path = ContentView.swift; sourceTree = "<group>"; };
		66DDAE2D29044BD40078A691 /* Assets.xcassets */ = {isa = PBXFileReference; lastKnownFileType = folder.assetcatalog; path = Assets.xcassets; sourceTree = "<group>"; };
		66DDAE3029044BD40078A691 /* Preview Assets.xcassets */ = {isa = PBXFileReference; lastKnownFileType = folder.assetcatalog; path = "Preview Assets.xcassets"; sourceTree = "<group>"; };
		66DDAE3929044D720078A691 /* HomeView.swift */ = {isa = PBXFileReference; lastKnownFileType = sourcecode.swift; path = HomeView.swift; sourceTree = "<group>"; };
		66DDAE3B29044DAF0078A691 /* FeaturedView.swift */ = {isa = PBXFileReference; lastKnownFileType = sourcecode.swift; path = FeaturedView.swift; sourceTree = "<group>"; };
		66DDAE3D29044DCB0078A691 /* MenuView.swift */ = {isa = PBXFileReference; lastKnownFileType = sourcecode.swift; path = MenuView.swift; sourceTree = "<group>"; };
		66DDAE3F29044DDC0078A691 /* RecentsView.swift */ = {isa = PBXFileReference; lastKnownFileType = sourcecode.swift; path = RecentsView.swift; sourceTree = "<group>"; };
		66DDAE4129044DEB0078A691 /* FavoritesView.swift */ = {isa = PBXFileReference; lastKnownFileType = sourcecode.swift; path = FavoritesView.swift; sourceTree = "<group>"; };
/* End PBXFileReference section */

/* Begin PBXFrameworksBuildPhase section */
		66DDAE2329044BD30078A691 /* Frameworks */ = {
			isa = PBXFrameworksBuildPhase;
			buildActionMask = 2147483647;
			files = (
			);
			runOnlyForDeploymentPostprocessing = 0;
		};
/* End PBXFrameworksBuildPhase section */

/* Begin PBXGroup section */
		66DDAE1D29044BD30078A691 = {
			isa = PBXGroup;
			children = (
				66DDAE2829044BD30078A691 /* MyChipotleSample */,
				66DDAE2729044BD30078A691 /* Products */,
			);
			sourceTree = "<group>";
		};
		66DDAE2729044BD30078A691 /* Products */ = {
			isa = PBXGroup;
			children = (
				66DDAE2629044BD30078A691 /* MyChipotleSample.app */,
			);
			name = Products;
			sourceTree = "<group>";
		};
		66DDAE2829044BD30078A691 /* MyChipotleSample */ = {
			isa = PBXGroup;
			children = (
				66DDAE3829044D5D0078A691 /* Components */,
				66DDAE3729044D4A0078A691 /* Views */,
				66DDAE2929044BD30078A691 /* MyChipotleSampleApp.swift */,
				66DDAE2B29044BD30078A691 /* ContentView.swift */,
				66DDAE2D29044BD40078A691 /* Assets.xcassets */,
				66DDAE2F29044BD40078A691 /* Preview Content */,
			);
			path = MyChipotleSample;
			sourceTree = "<group>";
		};
		66DDAE2F29044BD40078A691 /* Preview Content */ = {
			isa = PBXGroup;
			children = (
				66DDAE3029044BD40078A691 /* Preview Assets.xcassets */,
			);
			path = "Preview Content";
			sourceTree = "<group>";
		};
		66DDAE3729044D4A0078A691 /* Views */ = {
			isa = PBXGroup;
			children = (
				66DDAE3929044D720078A691 /* HomeView.swift */,
				66DDAE3B29044DAF0078A691 /* FeaturedView.swift */,
				66DDAE3D29044DCB0078A691 /* MenuView.swift */,
				66DDAE3F29044DDC0078A691 /* RecentsView.swift */,
				66DDAE4129044DEB0078A691 /* FavoritesView.swift */,
			);
			path = Views;
			sourceTree = "<group>";
		};
		66DDAE3829044D5D0078A691 /* Components */ = {
			isa = PBXGroup;
			children = (
				661CFBA42904534A0097BEFC /* MyTabBar.swift */,
				661CFBA62904535E0097BEFC /* MyTabButton.swift */,
			);
			path = Components;
			sourceTree = "<group>";
		};
/* End PBXGroup section */

/* Begin PBXNativeTarget section */
		66DDAE2529044BD30078A691 /* MyChipotleSample */ = {
			isa = PBXNativeTarget;
			buildConfigurationList = 66DDAE3429044BD40078A691 /* Build configuration list for PBXNativeTarget "MyChipotleSample" */;
			buildPhases = (
				66DDAE2229044BD30078A691 /* Sources */,
				66DDAE2329044BD30078A691 /* Frameworks */,
				66DDAE2429044BD30078A691 /* Resources */,
			);
			buildRules = (
			);
			dependencies = (
			);
			name = MyChipotleSample;
			productName = MyChipotleSample;
			productReference = 66DDAE2629044BD30078A691 /* MyChipotleSample.app */;
			productType = "com.apple.product-type.application";
		};
/* End PBXNativeTarget section */

/* Begin PBXProject section */
		66DDAE1E29044BD30078A691 /* Project object */ = {
			isa = PBXProject;
			attributes = {
				BuildIndependentTargetsInParallel = 1;
				LastSwiftUpdateCheck = 1340;
				LastUpgradeCheck = 1340;
				TargetAttributes = {
					66DDAE2529044BD30078A691 = {
						CreatedOnToolsVersion = 13.4;
					};
				};
			};
			buildConfigurationList = 66DDAE2129044BD30078A691 /* Build configuration list for PBXProject "MyChipotleSample" */;
			compatibilityVersion = "Xcode 13.0";
			developmentRegion = en;
			hasScannedForEncodings = 0;
			knownRegions = (
				en,
				Base,
			);
			mainGroup = 66DDAE1D29044BD30078A691;
			productRefGroup = 66DDAE2729044BD30078A691 /* Products */;
			projectDirPath = "";
			projectRoot = "";
			targets = (
				66DDAE2529044BD30078A691 /* MyChipotleSample */,
			);
		};
/* End PBXProject section */

/* Begin PBXResourcesBuildPhase section */
		66DDAE2429044BD30078A691 /* Resources */ = {
			isa = PBXResourcesBuildPhase;
			buildActionMask = 2147483647;
			files = (
				66DDAE3129044BD40078A691 /* Preview Assets.xcassets in Resources */,
				66DDAE2E29044BD40078A691 /* Assets.xcassets in Resources */,
			);
			runOnlyForDeploymentPostprocessing = 0;
		};
/* End PBXResourcesBuildPhase section */

/* Begin PBXSourcesBuildPhase section */
		66DDAE2229044BD30078A691 /* Sources */ = {
			isa = PBXSourcesBuildPhase;
			buildActionMask = 2147483647;
			files = (
				66DDAE3E29044DCB0078A691 /* MenuView.swift in Sources */,
				66DDAE4029044DDC0078A691 /* RecentsView.swift in Sources */,
				66DDAE3C29044DAF0078A691 /* FeaturedView.swift in Sources */,
				661CFBA52904534A0097BEFC /* MyTabBar.swift in Sources */,
				66DDAE3A29044D720078A691 /* HomeView.swift in Sources */,
				661CFBA72904535E0097BEFC /* MyTabButton.swift in Sources */,
				66DDAE4229044DEB0078A691 /* FavoritesView.swift in Sources */,
				66DDAE2C29044BD30078A691 /* ContentView.swift in Sources */,
				66DDAE2A29044BD30078A691 /* MyChipotleSampleApp.swift in Sources */,
			);
			runOnlyForDeploymentPostprocessing = 0;
		};
/* End PBXSourcesBuildPhase section */

/* Begin XCBuildConfiguration section */
		66DDAE3229044BD40078A691 /* Debug */ = {
			isa = XCBuildConfiguration;
			buildSettings = {
				ALWAYS_SEARCH_USER_PATHS = NO;
				CLANG_ANALYZER_NONNULL = YES;
				CLANG_ANALYZER_NUMBER_OBJECT_CONVERSION = YES_AGGRESSIVE;
				CLANG_CXX_LANGUAGE_STANDARD = "gnu++17";
				CLANG_ENABLE_MODULES = YES;
				CLANG_ENABLE_OBJC_ARC = YES;
				CLANG_ENABLE_OBJC_WEAK = YES;
				CLANG_WARN_BLOCK_CAPTURE_AUTORELEASING = YES;
				CLANG_WARN_BOOL_CONVERSION = YES;
				CLANG_WARN_COMMA = YES;
				CLANG_WARN_CONSTANT_CONVERSION = YES;
				CLANG_WARN_DEPRECATED_OBJC_IMPLEMENTATIONS = YES;
				CLANG_WARN_DIRECT_OBJC_ISA_USAGE = YES_ERROR;
				CLANG_WARN_DOCUMENTATION_COMMENTS = YES;
				CLANG_WARN_EMPTY_BODY = YES;
				CLANG_WARN_ENUM_CONVERSION = YES;
				CLANG_WARN_INFINITE_RECURSION = YES;
				CLANG_WARN_INT_CONVERSION = YES;
				CLANG_WARN_NON_LITERAL_NULL_CONVERSION = YES;
				CLANG_WARN_OBJC_IMPLICIT_RETAIN_SELF = YES;
				CLANG_WARN_OBJC_LITERAL_CONVERSION = YES;
				CLANG_WARN_OBJC_ROOT_CLASS = YES_ERROR;
				CLANG_WARN_QUOTED_INCLUDE_IN_FRAMEWORK_HEADER = YES;
				CLANG_WARN_RANGE_LOOP_ANALYSIS = YES;
				CLANG_WARN_STRICT_PROTOTYPES = YES;
				CLANG_WARN_SUSPICIOUS_MOVE = YES;
				CLANG_WARN_UNGUARDED_AVAILABILITY = YES_AGGRESSIVE;
				CLANG_WARN_UNREACHABLE_CODE = YES;
				CLANG_WARN__DUPLICATE_METHOD_MATCH = YES;
				COPY_PHASE_STRIP = NO;
				DEBUG_INFORMATION_FORMAT = dwarf;
				ENABLE_STRICT_OBJC_MSGSEND = YES;
				ENABLE_TESTABILITY = YES;
				GCC_C_LANGUAGE_STANDARD = gnu11;
				GCC_DYNAMIC_NO_PIC = NO;
				GCC_NO_COMMON_BLOCKS = YES;
				GCC_OPTIMIZATION_LEVEL = 0;
				GCC_PREPROCESSOR_DEFINITIONS = (
					"DEBUG=1",
					"$(inherited)",
				);
				GCC_WARN_64_TO_32_BIT_CONVERSION = YES;
				GCC_WARN_ABOUT_RETURN_TYPE = YES_ERROR;
				GCC_WARN_UNDECLARED_SELECTOR = YES;
				GCC_WARN_UNINITIALIZED_AUTOS = YES_AGGRESSIVE;
				GCC_WARN_UNUSED_FUNCTION = YES;
				GCC_WARN_UNUSED_VARIABLE = YES;
				IPHONEOS_DEPLOYMENT_TARGET = 15.5;
				MTL_ENABLE_DEBUG_INFO = INCLUDE_SOURCE;
				MTL_FAST_MATH = YES;
				ONLY_ACTIVE_ARCH = YES;
				SDKROOT = iphoneos;
				SWIFT_ACTIVE_COMPILATION_CONDITIONS = DEBUG;
				SWIFT_OPTIMIZATION_LEVEL = "-Onone";
			};
			name = Debug;
		};
		66DDAE3329044BD40078A691 /* Release */ = {
			isa = XCBuildConfiguration;
			buildSettings = {
				ALWAYS_SEARCH_USER_PATHS = NO;
				CLANG_ANALYZER_NONNULL = YES;
				CLANG_ANALYZER_NUMBER_OBJECT_CONVERSION = YES_AGGRESSIVE;
				CLANG_CXX_LANGUAGE_STANDARD = "gnu++17";
				CLANG_ENABLE_MODULES = YES;
				CLANG_ENABLE_OBJC_ARC = YES;
				CLANG_ENABLE_OBJC_WEAK = YES;
				CLANG_WARN_BLOCK_CAPTURE_AUTORELEASING = YES;
				CLANG_WARN_BOOL_CONVERSION = YES;
				CLANG_WARN_COMMA = YES;
				CLANG_WARN_CONSTANT_CONVERSION = YES;
				CLANG_WARN_DEPRECATED_OBJC_IMPLEMENTATIONS = YES;
				CLANG_WARN_DIRECT_OBJC_ISA_USAGE = YES_ERROR;
				CLANG_WARN_DOCUMENTATION_COMMENTS = YES;
				CLANG_WARN_EMPTY_BODY = YES;
				CLANG_WARN_ENUM_CONVERSION = YES;
				CLANG_WARN_INFINITE_RECURSION = YES;
				CLANG_WARN_INT_CONVERSION = YES;
				CLANG_WARN_NON_LITERAL_NULL_CONVERSION = YES;
				CLANG_WARN_OBJC_IMPLICIT_RETAIN_SELF = YES;
				CLANG_WARN_OBJC_LITERAL_CONVERSION = YES;
				CLANG_WARN_OBJC_ROOT_CLASS = YES_ERROR;
				CLANG_WARN_QUOTED_INCLUDE_IN_FRAMEWORK_HEADER = YES;
				CLANG_WARN_RANGE_LOOP_ANALYSIS = YES;
				CLANG_WARN_STRICT_PROTOTYPES = YES;
				CLANG_WARN_SUSPICIOUS_MOVE = YES;
				CLANG_WARN_UNGUARDED_AVAILABILITY = YES_AGGRESSIVE;
				CLANG_WARN_UNREACHABLE_CODE = YES;
				CLANG_WARN__DUPLICATE_METHOD_MATCH = YES;
				COPY_PHASE_STRIP = NO;
				DEBUG_INFORMATION_FORMAT = "dwarf-with-dsym";
				ENABLE_NS_ASSERTIONS = NO;
				ENABLE_STRICT_OBJC_MSGSEND = YES;
				GCC_C_LANGUAGE_STANDARD = gnu11;
				GCC_NO_COMMON_BLOCKS = YES;
				GCC_WARN_64_TO_32_BIT_CONVERSION = YES;
				GCC_WARN_ABOUT_RETURN_TYPE = YES_ERROR;
				GCC_WARN_UNDECLARED_SELECTOR = YES;
				GCC_WARN_UNINITIALIZED_AUTOS = YES_AGGRESSIVE;
				GCC_WARN_UNUSED_FUNCTION = YES;
				GCC_WARN_UNUSED_VARIABLE = YES;
				IPHONEOS_DEPLOYMENT_TARGET = 15.5;
				MTL_ENABLE_DEBUG_INFO = NO;
				MTL_FAST_MATH = YES;
				SDKROOT = iphoneos;
				SWIFT_COMPILATION_MODE = wholemodule;
				SWIFT_OPTIMIZATION_LEVEL = "-O";
				VALIDATE_PRODUCT = YES;
			};
			name = Release;
		};
		66DDAE3529044BD40078A691 /* Debug */ = {
			isa = XCBuildConfiguration;
			buildSettings = {
				ASSETCATALOG_COMPILER_APPICON_NAME = AppIcon;
				ASSETCATALOG_COMPILER_GLOBAL_ACCENT_COLOR_NAME = AccentColor;
				CODE_SIGN_STYLE = Automatic;
				CURRENT_PROJECT_VERSION = 1;
				DEVELOPMENT_ASSET_PATHS = "\"MyChipotleSample/Preview Content\"";
				DEVELOPMENT_TEAM = F9954V9U76;
				ENABLE_PREVIEWS = YES;
				GENERATE_INFOPLIST_FILE = YES;
				INFOPLIST_KEY_UIApplicationSceneManifest_Generation = YES;
				INFOPLIST_KEY_UIApplicationSupportsIndirectInputEvents = YES;
				INFOPLIST_KEY_UILaunchScreen_Generation = YES;
				INFOPLIST_KEY_UISupportedInterfaceOrientations_iPad = "UIInterfaceOrientationPortrait UIInterfaceOrientationPortraitUpsideDown UIInterfaceOrientationLandscapeLeft UIInterfaceOrientationLandscapeRight";
				INFOPLIST_KEY_UISupportedInterfaceOrientations_iPhone = "UIInterfaceOrientationPortrait UIInterfaceOrientationLandscapeLeft UIInterfaceOrientationLandscapeRight";
				LD_RUNPATH_SEARCH_PATHS = (
					"$(inherited)",
					"@executable_path/Frameworks",
				);
				MARKETING_VERSION = 1.0;
				PRODUCT_BUNDLE_IDENTIFIER = com.radhee.MyChipotleSample;
				PRODUCT_NAME = "$(TARGET_NAME)";
				SWIFT_EMIT_LOC_STRINGS = YES;
				SWIFT_VERSION = 5.0;
				TARGETED_DEVICE_FAMILY = "1,2";
			};
			name = Debug;
		};
		66DDAE3629044BD40078A691 /* Release */ = {
			isa = XCBuildConfiguration;
			buildSettings = {
				ASSETCATALOG_COMPILER_APPICON_NAME = AppIcon;
				ASSETCATALOG_COMPILER_GLOBAL_ACCENT_COLOR_NAME = AccentColor;
				CODE_SIGN_STYLE = Automatic;
				CURRENT_PROJECT_VERSION = 1;
				DEVELOPMENT_ASSET_PATHS = "\"MyChipotleSample/Preview Content\"";
				DEVELOPMENT_TEAM = F9954V9U76;
				ENABLE_PREVIEWS = YES;
				GENERATE_INFOPLIST_FILE = YES;
				INFOPLIST_KEY_UIApplicationSceneManifest_Generation = YES;
				INFOPLIST_KEY_UIApplicationSupportsIndirectInputEvents = YES;
				INFOPLIST_KEY_UILaunchScreen_Generation = YES;
				INFOPLIST_KEY_UISupportedInterfaceOrientations_iPad = "UIInterfaceOrientationPortrait UIInterfaceOrientationPortraitUpsideDown UIInterfaceOrientationLandscapeLeft UIInterfaceOrientationLandscapeRight";
				INFOPLIST_KEY_UISupportedInterfaceOrientations_iPhone = "UIInterfaceOrientationPortrait UIInterfaceOrientationLandscapeLeft UIInterfaceOrientationLandscapeRight";
				LD_RUNPATH_SEARCH_PATHS = (
					"$(inherited)",
					"@executable_path/Frameworks",
				);
				MARKETING_VERSION = 1.0;
				PRODUCT_BUNDLE_IDENTIFIER = com.radhee.MyChipotleSample;
				PRODUCT_NAME = "$(TARGET_NAME)";
				SWIFT_EMIT_LOC_STRINGS = YES;
				SWIFT_VERSION = 5.0;
				TARGETED_DEVICE_FAMILY = "1,2";
			};
			name = Release;
		};
/* End XCBuildConfiguration section */

/* Begin XCConfigurationList section */
		66DDAE2129044BD30078A691 /* Build configuration list for PBXProject "MyChipotleSample" */ = {
			isa = XCConfigurationList;
			buildConfigurations = (
				66DDAE3229044BD40078A691 /* Debug */,
				66DDAE3329044BD40078A691 /* Release */,
			);
			defaultConfigurationIsVisible = 0;
			defaultConfigurationName = Release;
		};
		66DDAE3429044BD40078A691 /* Build configuration list for PBXNativeTarget "MyChipotleSample" */ = {
			isa = XCConfigurationList;
			buildConfigurations = (
				66DDAE3529044BD40078A691 /* Debug */,
				66DDAE3629044BD40078A691 /* Release */,
			);
			defaultConfigurationIsVisible = 0;
			defaultConfigurationName = Release;
		};
/* End XCConfigurationList section */
	};
	rootObject = 66DDAE1E29044BD30078A691 /* Project object */;
}
